{
  "R": "4.3.0",
  "Repos": {
    "CRAN": "https://cloud.r-project.org"
  },
  "Packages": {
    "tidyverse": {
      "Package": "tidyverse",
      "Version": "2.0.0",
      "Source": "Repository",
      "Repository": "CRAN"
    },
    "readxl": {
      "Package": "readxl",
      "Version": "1.4.3",
      "Source": "Repository",
      "Repository": "CRAN"
    },
    "janitor": {
      "Package": "janitor",
      "Version": "2.2.0",
      "Source": "Repository",
      "Repository": "CRAN"
    },
    "ggplot2": {
      "Package": "ggplot2",
      "Version": "3.4.4",
      "Source": "Repository",
      "Repository": "CRAN"
    },
    "plotly": {
      "Package": "plotly",
      "Version": "4.10.2",
      "Source": "Repository",
      "Repository": "CRAN"
    }
  }
}
